// !$*UTF8*$!
{
	archiveVersion = 1;
	classes = {
	};
	objectVersion = 46;
	objects = {

/* Begin PBXBuildFile section */
		8D04D8521C327BFB00C8C33C /* main.m in Sources */ = {isa = PBXBuildFile; fileRef = 8D04D8511C327BFB00C8C33C /* main.m */; };
		8D04D8551C327BFB00C8C33C /* AppDelegate.m in Sources */ = {isa = PBXBuildFile; fileRef = 8D04D8541C327BFB00C8C33C /* AppDelegate.m */; };
		8D04D8581C327BFB00C8C33C /* ViewController.m in Sources */ = {isa = PBXBuildFile; fileRef = 8D04D8571C327BFB00C8C33C /* ViewController.m */; };
		8D04D85B1C327BFB00C8C33C /* Main.storyboard in Resources */ = {isa = PBXBuildFile; fileRef = 8D04D8591C327BFB00C8C33C /* Main.storyboard */; };
		8D04D85D1C327BFB00C8C33C /* Assets.xcassets in Resources */ = {isa = PBXBuildFile; fileRef = 8D04D85C1C327BFB00C8C33C /* Assets.xcassets */; };
		8D04D8601C327BFB00C8C33C /* LaunchScreen.storyboard in Resources */ = {isa = PBXBuildFile; fileRef = 8D04D85E1C327BFB00C8C33C /* LaunchScreen.storyboard */; };
		8D04D86B1C327BFB00C8C33C /* DemoViewTests.m in Sources */ = {isa = PBXBuildFile; fileRef = 8D04D86A1C327BFB00C8C33C /* DemoViewTests.m */; };
		8D04D8761C327BFB00C8C33C /* DemoViewUITests.m in Sources */ = {isa = PBXBuildFile; fileRef = 8D04D8751C327BFB00C8C33C /* DemoViewUITests.m */; };
/* End PBXBuildFile section */

/* Begin PBXContainerItemProxy section */
		8D04D8671C327BFB00C8C33C /* PBXContainerItemProxy */ = {
			isa = PBXContainerItemProxy;
			containerPortal = 8D04D8451C327BFB00C8C33C /* Project object */;
			proxyType = 1;
			remoteGlobalIDString = 8D04D84C1C327BFB00C8C33C;
			remoteInfo = DemoView;
		};
		8D04D8721C327BFB00C8C33C /* PBXContainerItemProxy */ = {
			isa = PBXContainerItemProxy;
			containerPortal = 8D04D8451C327BFB00C8C33C /* Project object */;
			proxyType = 1;
			remoteGlobalIDString = 8D04D84C1C327BFB00C8C33C;
			remoteInfo = DemoView;
		};
/* End PBXContainerItemProxy section */

/* Begin PBXFileReference section */
		8D04D84D1C327BFB00C8C33C /* DemoView.app */ = {isa = PBXFileReference; explicitFileType = wrapper.application; includeInIndex = 0; path = DemoView.app; sourceTree = BUILT_PRODUCTS_DIR; };
		8D04D8511C327BFB00C8C33C /* main.m */ = {isa = PBXFileReference; lastKnownFileType = sourcecode.c.objc; path = main.m; sourceTree = "<group>"; };
		8D04D8531C327BFB00C8C33C /* AppDelegate.h */ = {isa = PBXFileReference; lastKnownFileType = sourcecode.c.h; path = AppDelegate.h; sourceTree = "<group>"; };
		8D04D8541C327BFB00C8C33C /* AppDelegate.m */ = {isa = PBXFileReference; lastKnownFileType = sourcecode.c.objc; path = AppDelegate.m; sourceTree = "<group>"; };
		8D04D8561C327BFB00C8C33C /* ViewController.h */ = {isa = PBXFileReference; lastKnownFileType = sourcecode.c.h; path = ViewController.h; sourceTree = "<group>"; };
		8D04D8571C327BFB00C8C33C /* ViewController.m */ = {isa = PBXFileReference; lastKnownFileType = sourcecode.c.objc; path = ViewController.m; sourceTree = "<group>"; };
		8D04D85A1C327BFB00C8C33C /* Base */ = {isa = PBXFileReference; lastKnownFileType = file.storyboard; name = Base; path = Base.lproj/Main.storyboard; sourceTree = "<group>"; };
		8D04D85C1C327BFB00C8C33C /* Assets.xcassets */ = {isa = PBXFileReference; lastKnownFileType = folder.assetcatalog; path = Assets.xcassets; sourceTree = "<group>"; };
		8D04D85F1C327BFB00C8C33C /* Base */ = {isa = PBXFileReference; lastKnownFileType = file.storyboard; name = Base; path = Base.lproj/LaunchScreen.storyboard; sourceTree = "<group>"; };
		8D04D8611C327BFB00C8C33C /* Info.plist */ = {isa = PBXFileReference; lastKnownFileType = text.plist.xml; path = Info.plist; sourceTree = "<group>"; };
		8D04D8661C327BFB00C8C33C /* DemoViewTests.xctest */ = {isa = PBXFileReference; explicitFileType = wrapper.cfbundle; includeInIndex = 0; path = DemoViewTests.xctest; sourceTree = BUILT_PRODUCTS_DIR; };
		8D04D86A1C327BFB00C8C33C /* DemoViewTests.m */ = {isa = PBXFileReference; lastKnownFileType = sourcecode.c.objc; path = DemoViewTests.m; sourceTree = "<group>"; };
		8D04D86C1C327BFB00C8C33C /* Info.plist */ = {isa = PBXFileReference; lastKnownFileType = text.plist.xml; path = Info.plist; sourceTree = "<group>"; };
		8D04D8711C327BFB00C8C33C /* DemoViewUITests.xctest */ = {isa = PBXFileReference; explicitFileType = wrapper.cfbundle; includeInIndex = 0; path = DemoViewUITests.xctest; sourceTree = BUILT_PRODUCTS_DIR; };
		8D04D8751C327BFB00C8C33C /* DemoViewUITests.m */ = {isa = PBXFileReference; lastKnownFileType = sourcecode.c.objc; path = DemoViewUITests.m; sourceTree = "<group>"; };
		8D04D8771C327BFB00C8C33C /* Info.plist */ = {isa = PBXFileReference; lastKnownFileType = text.plist.xml; path = Info.plist; sourceTree = "<group>"; };
/* End PBXFileReference section */

/* Begin PBXFrameworksBuildPhase section */
		8D04D84A1C327BFB00C8C33C /* Frameworks */ = {
			isa = PBXFrameworksBuildPhase;
			buildActionMask = 2147483647;
			files = (
			);
			runOnlyForDeploymentPostprocessing = 0;
		};
		8D04D8631C327BFB00C8C33C /* Frameworks */ = {
			isa = PBXFrameworksBuildPhase;
			buildActionMask = 2147483647;
			files = (
			);
			runOnlyForDeploymentPostprocessing = 0;
		};
		8D04D86E1C327BFB00C8C33C /* Frameworks */ = {
			isa = PBXFrameworksBuildPhase;
			buildActionMask = 2147483647;
			files = (
			);
			runOnlyForDeploymentPostprocessing = 0;
		};
/* End PBXFrameworksBuildPhase section */

/* Begin PBXGroup section */
		8D04D8441C327BFB00C8C33C = {
			isa = PBXGroup;
			children = (
				8D04D84F1C327BFB00C8C33C /* DemoView */,
				8D04D8691C327BFB00C8C33C /* DemoViewTests */,
				8D04D8741C327BFB00C8C33C /* DemoViewUITests */,
				8D04D84E1C327BFB00C8C33C /* Products */,
			);
			sourceTree = "<group>";
		};
		8D04D84E1C327BFB00C8C33C /* Products */ = {
			isa = PBXGroup;
			children = (
				8D04D84D1C327BFB00C8C33C /* DemoView.app */,
				8D04D8661C327BFB00C8C33C /* DemoViewTests.xctest */,
				8D04D8711C327BFB00C8C33C /* DemoViewUITests.xctest */,
			);
			name = Products;
			sourceTree = "<group>";
		};
		8D04D84F1C327BFB00C8C33C /* DemoView */ = {
			isa = PBXGroup;
			children = (
				8D04D8531C327BFB00C8C33C /* AppDelegate.h */,
				8D04D8541C327BFB00C8C33C /* AppDelegate.m */,
				8D04D8561C327BFB00C8C33C /* ViewController.h */,
				8D04D8571C327BFB00C8C33C /* ViewController.m */,
				8D04D8591C327BFB00C8C33C /* Main.storyboard */,
				8D04D85C1C327BFB00C8C33C /* Assets.xcassets */,
				8D04D85E1C327BFB00C8C33C /* LaunchScreen.storyboard */,
				8D04D8611C327BFB00C8C33C /* Info.plist */,
				8D04D8501C327BFB00C8C33C /* Supporting Files */,
			);
			path = DemoView;
			sourceTree = "<group>";
		};
		8D04D8501C327BFB00C8C33C /* Supporting Files */ = {
			isa = PBXGroup;
			children = (
				8D04D8511C327BFB00C8C33C /* main.m */,
			);
			name = "Supporting Files";
			sourceTree = "<group>";
		};
		8D04D8691C327BFB00C8C33C /* DemoViewTests */ = {
			isa = PBXGroup;
			children = (
				8D04D86A1C327BFB00C8C33C /* DemoViewTests.m */,
				8D04D86C1C327BFB00C8C33C /* Info.plist */,
			);
			path = DemoViewTests;
			sourceTree = "<group>";
		};
		8D04D8741C327BFB00C8C33C /* DemoViewUITests */ = {
			isa = PBXGroup;
			children = (
				8D04D8751C327BFB00C8C33C /* DemoViewUITests.m */,
				8D04D8771C327BFB00C8C33C /* Info.plist */,
			);
			path = DemoViewUITests;
			sourceTree = "<group>";
		};
/* End PBXGroup section */

/* Begin PBXNativeTarget section */
		8D04D84C1C327BFB00C8C33C /* DemoView */ = {
			isa = PBXNativeTarget;
			buildConfigurationList = 8D04D87A1C327BFB00C8C33C /* Build configuration list for PBXNativeTarget "DemoView" */;
			buildPhases = (
				8D04D8491C327BFB00C8C33C /* Sources */,
				8D04D84A1C327BFB00C8C33C /* Frameworks */,
				8D04D84B1C327BFB00C8C33C /* Resources */,
			);
			buildRules = (
			);
			dependencies = (
			);
			name = DemoView;
			productName = DemoView;
			productReference = 8D04D84D1C327BFB00C8C33C /* DemoView.app */;
			productType = "com.apple.product-type.application";
		};
		8D04D8651C327BFB00C8C33C /* DemoViewTests */ = {
			isa = PBXNativeTarget;
			buildConfigurationList = 8D04D87D1C327BFB00C8C33C /* Build configuration list for PBXNativeTarget "DemoViewTests" */;
			buildPhases = (
				8D04D8621C327BFB00C8C33C /* Sources */,
				8D04D8631C327BFB00C8C33C /* Frameworks */,
				8D04D8641C327BFB00C8C33C /* Resources */,
			);
			buildRules = (
			);
			dependencies = (
				8D04D8681C327BFB00C8C33C /* PBXTargetDependency */,
			);
			name = DemoViewTests;
			productName = DemoViewTests;
			productReference = 8D04D8661C327BFB00C8C33C /* DemoViewTests.xctest */;
			productType = "com.apple.product-type.bundle.unit-test";
		};
		8D04D8701C327BFB00C8C33C /* DemoViewUITests */ = {
			isa = PBXNativeTarget;
			buildConfigurationList = 8D04D8801C327BFB00C8C33C /* Build configuration list for PBXNativeTarget "DemoViewUITests" */;
			buildPhases = (
				8D04D86D1C327BFB00C8C33C /* Sources */,
				8D04D86E1C327BFB00C8C33C /* Frameworks */,
				8D04D86F1C327BFB00C8C33C /* Resources */,
			);
			buildRules = (
			);
			dependencies = (
				8D04D8731C327BFB00C8C33C /* PBXTargetDependency */,
			);
			name = DemoViewUITests;
			productName = DemoViewUITests;
			productReference = 8D04D8711C327BFB00C8C33C /* DemoViewUITests.xctest */;
			productType = "com.apple.product-type.bundle.ui-testing";
		};
/* End PBXNativeTarget section */

/* Begin PBXProject section */
		8D04D8451C327BFB00C8C33C /* Project object */ = {
			isa = PBXProject;
			attributes = {
				LastUpgradeCheck = 0720;
				ORGANIZATIONNAME = Niaj;
				TargetAttributes = {
					8D04D84C1C327BFB00C8C33C = {
						CreatedOnToolsVersion = 7.2;
					};
					8D04D8651C327BFB00C8C33C = {
						CreatedOnToolsVersion = 7.2;
						TestTargetID = 8D04D84C1C327BFB00C8C33C;
					};
					8D04D8701C327BFB00C8C33C = {
						CreatedOnToolsVersion = 7.2;
						TestTargetID = 8D04D84C1C327BFB00C8C33C;
					};
				};
			};
			buildConfigurationList = 8D04D8481C327BFB00C8C33C /* Build configuration list for PBXProject "DemoView" */;
			compatibilityVersion = "Xcode 3.2";
			developmentRegion = English;
			hasScannedForEncodings = 0;
			knownRegions = (
				en,
				Base,
			);
			mainGroup = 8D04D8441C327BFB00C8C33C;
			productRefGroup = 8D04D84E1C327BFB00C8C33C /* Products */;
			projectDirPath = "";
			projectRoot = "";
			targets = (
				8D04D84C1C327BFB00C8C33C /* DemoView */,
				8D04D8651C327BFB00C8C33C /* DemoViewTests */,
				8D04D8701C327BFB00C8C33C /* DemoViewUITests */,
			);
		};
/* End PBXProject section */

/* Begin PBXResourcesBuildPhase section */
		8D04D84B1C327BFB00C8C33C /* Resources */ = {
			isa = PBXResourcesBuildPhase;
			buildActionMask = 2147483647;
			files = (
				8D04D8601C327BFB00C8C33C /* LaunchScreen.storyboard in Resources */,
				8D04D85D1C327BFB00C8C33C /* Assets.xcassets in Resources */,
				8D04D85B1C327BFB00C8C33C /* Main.storyboard in Resources */,
			);
			runOnlyForDeploymentPostprocessing = 0;
		};
		8D04D8641C327BFB00C8C33C /* Resources */ = {
			isa = PBXResourcesBuildPhase;
			buildActionMask = 2147483647;
			files = (
			);
			runOnlyForDeploymentPostprocessing = 0;
		};
		8D04D86F1C327BFB00C8C33C /* Resources */ = {
			isa = PBXResourcesBuildPhase;
			buildActionMask = 2147483647;
			files = (
			);
			runOnlyForDeploymentPostprocessing = 0;
		};
/* End PBXResourcesBuildPhase section */

/* Begin PBXSourcesBuildPhase section */
		8D04D8491C327BFB00C8C33C /* Sources */ = {
			isa = PBXSourcesBuildPhase;
			buildActionMask = 2147483647;
			files = (
				8D04D8581C327BFB00C8C33C /* ViewController.m in Sources */,
				8D04D8551C327BFB00C8C33C /* AppDelegate.m in Sources */,
				8D04D8521C327BFB00C8C33C /* main.m in Sources */,
			);
			runOnlyForDeploymentPostprocessing = 0;
		};
		8D04D8621C327BFB00C8C33C /* Sources */ = {
			isa = PBXSourcesBuildPhase;
			buildActionMask = 2147483647;
			files = (
				8D04D86B1C327BFB00C8C33C /* DemoViewTests.m in Sources */,
			);
			runOnlyForDeploymentPostprocessing = 0;
		};
		8D04D86D1C327BFB00C8C33C /* Sources */ = {
			isa = PBXSourcesBuildPhase;
			buildActionMask = 2147483647;
			files = (
				8D04D8761C327BFB00C8C33C /* DemoViewUITests.m in Sources */,
			);
			runOnlyForDeploymentPostprocessing = 0;
		};
/* End PBXSourcesBuildPhase section */

/* Begin PBXTargetDependency section */
		8D04D8681C327BFB00C8C33C /* PBXTargetDependency */ = {
			isa = PBXTargetDependency;
			target = 8D04D84C1C327BFB00C8C33C /* DemoView */;
			targetProxy = 8D04D8671C327BFB00C8C33C /* PBXContainerItemProxy */;
		};
		8D04D8731C327BFB00C8C33C /* PBXTargetDependency */ = {
			isa = PBXTargetDependency;
			target = 8D04D84C1C327BFB00C8C33C /* DemoView */;
			targetProxy = 8D04D8721C327BFB00C8C33C /* PBXContainerItemProxy */;
		};
/* End PBXTargetDependency section */

/* Begin PBXVariantGroup section */
		8D04D8591C327BFB00C8C33C /* Main.storyboard */ = {
			isa = PBXVariantGroup;
			children = (
				8D04D85A1C327BFB00C8C33C /* Base */,
			);
			name = Main.storyboard;
			sourceTree = "<group>";
		};
		8D04D85E1C327BFB00C8C33C /* LaunchScreen.storyboard */ = {
			isa = PBXVariantGroup;
			children = (
				8D04D85F1C327BFB00C8C33C /* Base */,
			);
			name = LaunchScreen.storyboard;
			sourceTree = "<group>";
		};
/* End PBXVariantGroup section */

/* Begin XCBuildConfiguration section */
		8D04D8781C327BFB00C8C33C /* Debug */ = {
			isa = XCBuildConfiguration;
			buildSettings = {
				ALWAYS_SEARCH_USER_PATHS = NO;
				CLANG_CXX_LANGUAGE_STANDARD = "gnu++0x";
				CLANG_CXX_LIBRARY = "libc++";
				CLANG_ENABLE_MODULES = YES;
				CLANG_ENABLE_OBJC_ARC = YES;
				CLANG_WARN_BOOL_CONVERSION = YES;
				CLANG_WARN_CONSTANT_CONVERSION = YES;
				CLANG_WARN_DIRECT_OBJC_ISA_USAGE = YES_ERROR;
				CLANG_WARN_EMPTY_BODY = YES;
				CLANG_WARN_ENUM_CONVERSION = YES;
				CLANG_WARN_INT_CONVERSION = YES;
				CLANG_WARN_OBJC_ROOT_CLASS = YES_ERROR;
				CLANG_WARN_UNREACHABLE_CODE = YES;
				CLANG_WARN__DUPLICATE_METHOD_MATCH = YES;
				"CODE_SIGN_IDENTITY[sdk=iphoneos*]" = "iPhone Developer";
				COPY_PHASE_STRIP = NO;
				DEBUG_INFORMATION_FORMAT = dwarf;
				ENABLE_STRICT_OBJC_MSGSEND = YES;
				ENABLE_TESTABILITY = YES;
				GCC_C_LANGUAGE_STANDARD = gnu99;
				GCC_DYNAMIC_NO_PIC = NO;
				GCC_NO_COMMON_BLOCKS = YES;
				GCC_OPTIMIZATION_LEVEL = 0;
				GCC_PREPROCESSOR_DEFINITIONS = (
					"DEBUG=1",
					"$(inherited)",
				);
				GCC_WARN_64_TO_32_BIT_CONVERSION = YES;
				GCC_WARN_ABOUT_RETURN_TYPE = YES_ERROR;
				GCC_WARN_UNDECLARED_SELECTOR = YES;
				GCC_WARN_UNINITIALIZED_AUTOS = YES_AGGRESSIVE;
				GCC_WARN_UNUSED_FUNCTION = YES;
				GCC_WARN_UNUSED_VARIABLE = YES;
				IPHONEOS_DEPLOYMENT_TARGET = 9.2;
				MTL_ENABLE_DEBUG_INFO = YES;
				ONLY_ACTIVE_ARCH = YES;
				SDKROOT = iphoneos;
			};
			name = Debug;
		};
		8D04D8791C327BFB00C8C33C /* Release */ = {
			isa = XCBuildConfiguration;
			buildSettings = {
				ALWAYS_SEARCH_USER_PATHS = NO;
				CLANG_CXX_LANGUAGE_STANDARD = "gnu++0x";
				CLANG_CXX_LIBRARY = "libc++";
				CLANG_ENABLE_MODULES = YES;
				CLANG_ENABLE_OBJC_ARC = YES;
				CLANG_WARN_BOOL_CONVERSION = YES;
				CLANG_WARN_CONSTANT_CONVERSION = YES;
				CLANG_WARN_DIRECT_OBJC_ISA_USAGE = YES_ERROR;
				CLANG_WARN_EMPTY_BODY = YES;
				CLANG_WARN_ENUM_CONVERSION = YES;
				CLANG_WARN_INT_CONVERSION = YES;
				CLANG_WARN_OBJC_ROOT_CLASS = YES_ERROR;
				CLANG_WARN_UNREACHABLE_CODE = YES;
				CLANG_WARN__DUPLICATE_METHOD_MATCH = YES;
				"CODE_SIGN_IDENTITY[sdk=iphoneos*]" = "iPhone Developer";
				COPY_PHASE_STRIP = NO;
				DEBUG_INFORMATION_FORMAT = "dwarf-with-dsym";
				ENABLE_NS_ASSERTIONS = NO;
				ENABLE_STRICT_OBJC_MSGSEND = YES;
				GCC_C_LANGUAGE_STANDARD = gnu99;
				GCC_NO_COMMON_BLOCKS = YES;
				GCC_WARN_64_TO_32_BIT_CONVERSION = YES;
				GCC_WARN_ABOUT_RETURN_TYPE = YES_ERROR;
				GCC_WARN_UNDECLARED_SELECTOR = YES;
				GCC_WARN_UNINITIALIZED_AUTOS = YES_AGGRESSIVE;
				GCC_WARN_UNUSED_FUNCTION = YES;
				GCC_WARN_UNUSED_VARIABLE = YES;
				IPHONEOS_DEPLOYMENT_TARGET = 9.2;
				MTL_ENABLE_DEBUG_INFO = NO;
				SDKROOT = iphoneos;
				VALIDATE_PRODUCT = YES;
			};
			name = Release;
		};
		8D04D87B1C327BFB00C8C33C /* Debug */ = {
			isa = XCBuildConfiguration;
			buildSettings = {
				ASSETCATALOG_COMPILER_APPICON_NAME = AppIcon;
				INFOPLIST_FILE = DemoView/Info.plist;
				LD_RUNPATH_SEARCH_PATHS = "$(inherited) @executable_path/Frameworks";
				PRODUCT_BUNDLE_IDENTIFIER = net.twinbit.DemoView;
				PRODUCT_NAME = "$(TARGET_NAME)";
			};
			name = Debug;
		};
		8D04D87C1C327BFB00C8C33C /* Release */ = {
			isa = XCBuildConfiguration;
			buildSettings = {
				ASSETCATALOG_COMPILER_APPICON_NAME = AppIcon;
				INFOPLIST_FILE = DemoView/Info.plist;
				LD_RUNPATH_SEARCH_PATHS = "$(inherited) @executable_path/Frameworks";
				PRODUCT_BUNDLE_IDENTIFIER = net.twinbit.DemoView;
				PRODUCT_NAME = "$(TARGET_NAME)";
			};
			name = Release;
		};
		8D04D87E1C327BFB00C8C33C /* Debug */ = {
			isa = XCBuildConfiguration;
			buildSettings = {
				BUNDLE_LOADER = "$(TEST_HOST)";
				INFOPLIST_FILE = DemoViewTests/Info.plist;
				LD_RUNPATH_SEARCH_PATHS = "$(inherited) @executable_path/Frameworks @loader_path/Frameworks";
				PRODUCT_BUNDLE_IDENTIFIER = net.twinbit.DemoViewTests;
				PRODUCT_NAME = "$(TARGET_NAME)";
				TEST_HOST = "$(BUILT_PRODUCTS_DIR)/DemoView.app/DemoView";
			};
			name = Debug;
		};
		8D04D87F1C327BFB00C8C33C /* Release */ = {
			isa = XCBuildConfiguration;
			buildSettings = {
				BUNDLE_LOADER = "$(TEST_HOST)";
				INFOPLIST_FILE = DemoViewTests/Info.plist;
				LD_RUNPATH_SEARCH_PATHS = "$(inherited) @executable_path/Frameworks @loader_path/Frameworks";
				PRODUCT_BUNDLE_IDENTIFIER = net.twinbit.DemoViewTests;
				PRODUCT_NAME = "$(TARGET_NAME)";
				TEST_HOST = "$(BUILT_PRODUCTS_DIR)/DemoView.app/DemoView";
			};
			name = Release;
		};
		8D04D8811C327BFB00C8C33C /* Debug */ = {
			isa = XCBuildConfiguration;
			buildSettings = {
				INFOPLIST_FILE = DemoViewUITests/Info.plist;
				LD_RUNPATH_SEARCH_PATHS = "$(inherited) @executable_path/Frameworks @loader_path/Frameworks";
				PRODUCT_BUNDLE_IDENTIFIER = net.twinbit.DemoViewUITests;
				PRODUCT_NAME = "$(TARGET_NAME)";
				TEST_TARGET_NAME = DemoView;
				USES_XCTRUNNER = YES;
			};
			name = Debug;
		};
		8D04D8821C327BFB00C8C33C /* Release */ = {
			isa = XCBuildConfiguration;
			buildSettings = {
				INFOPLIST_FILE = DemoViewUITests/Info.plist;
				LD_RUNPATH_SEARCH_PATHS = "$(inherited) @executable_path/Frameworks @loader_path/Frameworks";
				PRODUCT_BUNDLE_IDENTIFIER = net.twinbit.DemoViewUITests;
				PRODUCT_NAME = "$(TARGET_NAME)";
				TEST_TARGET_NAME = DemoView;
				USES_XCTRUNNER = YES;
			};
			name = Release;
		};
/* End XCBuildConfiguration section */

/* Begin XCConfigurationList section */
		8D04D8481C327BFB00C8C33C /* Build configuration list for PBXProject "DemoView" */ = {
			isa = XCConfigurationList;
			buildConfigurations = (
				8D04D8781C327BFB00C8C33C /* Debug */,
				8D04D8791C327BFB00C8C33C /* Release */,
			);
			defaultConfigurationIsVisible = 0;
			defaultConfigurationName = Release;
		};
		8D04D87A1C327BFB00C8C33C /* Build configuration list for PBXNativeTarget "DemoView" */ = {
			isa = XCConfigurationList;
			buildConfigurations = (
				8D04D87B1C327BFB00C8C33C /* Debug */,
				8D04D87C1C327BFB00C8C33C /* Release */,
			);
			defaultConfigurationIsVisible = 0;
		};
		8D04D87D1C327BFB00C8C33C /* Build configuration list for PBXNativeTarget "DemoViewTests" */ = {
			isa = XCConfigurationList;
			buildConfigurations = (
				8D04D87E1C327BFB00C8C33C /* Debug */,
				8D04D87F1C327BFB00C8C33C /* Release */,
			);
			defaultConfigurationIsVisible = 0;
		};
		8D04D8801C327BFB00C8C33C /* Build configuration list for PBXNativeTarget "DemoViewUITests" */ = {
			isa = XCConfigurationList;
			buildConfigurations = (
				8D04D8811C327BFB00C8C33C /* Debug */,
				8D04D8821C327BFB00C8C33C /* Release */,
			);
			defaultConfigurationIsVisible = 0;
		};
/* End XCConfigurationList section */
	};
	rootObject = 8D04D8451C327BFB00C8C33C /* Project object */;
}
